
Microsoft Visual Studio Solution File, Format Version 12.00
# Visual Studio 14
VisualStudioVersion = 14.0.25420.1
MinimumVisualStudioVersion = 10.0.40219.1
Project("{FAE04EC0-301F-11D3-BF4B-00C04F79EFBC}") = "CortanaDemo.Droid", "App1\App1.Droid\CortanaDemo.Droid.csproj", "{AA5C33E7-4127-4757-B679-A6D31147CD8F}"
EndProject
Project("{FAE04EC0-301F-11D3-BF4B-00C04F79EFBC}") = "CortanaDemo.iOS", "App1\App1.iOS\CortanaDemo.iOS.csproj", "{23472507-8F94-4DEC-906A-92409B63BFB3}"
EndProject
Project("{FAE04EC0-301F-11D3-BF4B-00C04F79EFBC}") = "CortanaDemo.UWP", "App1\App1.UWP\CortanaDemo.UWP.csproj", "{96DD70D4-D5CF-4F4F-B6EE-A526668CFB37}"
EndProject
Project("{FAE04EC0-301F-11D3-BF4B-00C04F79EFBC}") = "CortanaDemo", "App1\App1\CortanaDemo.csproj", "{413EF54C-D91E-4B79-B205-DE35BCD0CFE0}"
EndProject
Global
	GlobalSection(SolutionConfigurationPlatforms) = preSolution
		Ad-Hoc|Any CPU = Ad-Hoc|Any CPU
		Ad-Hoc|ARM = Ad-Hoc|ARM
		Ad-Hoc|iPhone = Ad-Hoc|iPhone
		Ad-Hoc|iPhoneSimulator = Ad-Hoc|iPhoneSimulator
		Ad-Hoc|x64 = Ad-Hoc|x64
		Ad-Hoc|x86 = Ad-Hoc|x86
		AppStore|Any CPU = AppStore|Any CPU
		AppStore|ARM = AppStore|ARM
		AppStore|iPhone = AppStore|iPhone
		AppStore|iPhoneSimulator = AppStore|iPhoneSimulator
		AppStore|x64 = AppStore|x64
		AppStore|x86 = AppStore|x86
		Debug|Any CPU = Debug|Any CPU
		Debug|ARM = Debug|ARM
		Debug|iPhone = Debug|iPhone
		Debug|iPhoneSimulator = Debug|iPhoneSimulator
		Debug|x64 = Debug|x64
		Debug|x86 = Debug|x86
		Release|Any CPU = Release|Any CPU
		Release|ARM = Release|ARM
		Release|iPhone = Release|iPhone
		Release|iPhoneSimulator = Release|iPhoneSimulator
		Release|x64 = Release|x64
		Release|x86 = Release|x86
	EndGlobalSection
	GlobalSection(ProjectConfigurationPlatforms) = postSolution
		{AA5C33E7-4127-4757-B679-A6D31147CD8F}.Ad-Hoc|Any CPU.ActiveCfg = Release|Any CPU
		{AA5C33E7-4127-4757-B679-A6D31147CD8F}.Ad-Hoc|Any CPU.Build.0 = Release|Any CPU
		{AA5C33E7-4127-4757-B679-A6D31147CD8F}.Ad-Hoc|Any CPU.Deploy.0 = Release|Any CPU
		{AA5C33E7-4127-4757-B679-A6D31147CD8F}.Ad-Hoc|ARM.ActiveCfg = Release|Any CPU
		{AA5C33E7-4127-4757-B679-A6D31147CD8F}.Ad-Hoc|ARM.Build.0 = Release|Any CPU
		{AA5C33E7-4127-4757-B679-A6D31147CD8F}.Ad-Hoc|ARM.Deploy.0 = Release|Any CPU
		{AA5C33E7-4127-4757-B679-A6D31147CD8F}.Ad-Hoc|iPhone.ActiveCfg = Release|Any CPU
		{AA5C33E7-4127-4757-B679-A6D31147CD8F}.Ad-Hoc|iPhone.Build.0 = Release|Any CPU
		{AA5C33E7-4127-4757-B679-A6D31147CD8F}.Ad-Hoc|iPhone.Deploy.0 = Release|Any CPU
		{AA5C33E7-4127-4757-B679-A6D31147CD8F}.Ad-Hoc|iPhoneSimulator.ActiveCfg = Release|Any CPU
		{AA5C33E7-4127-4757-B679-A6D31147CD8F}.Ad-Hoc|iPhoneSimulator.Build.0 = Release|Any CPU
		{AA5C33E7-4127-4757-B679-A6D31147CD8F}.Ad-Hoc|iPhoneSimulator.Deploy.0 = Release|Any CPU
		{AA5C33E7-4127-4757-B679-A6D31147CD8F}.Ad-Hoc|x64.ActiveCfg = Release|Any CPU
		{AA5C33E7-4127-4757-B679-A6D31147CD8F}.Ad-Hoc|x64.Build.0 = Release|Any CPU
		{AA5C33E7-4127-4757-B679-A6D31147CD8F}.Ad-Hoc|x64.Deploy.0 = Release|Any CPU
		{AA5C33E7-4127-4757-B679-A6D31147CD8F}.Ad-Hoc|x86.ActiveCfg = Release|Any CPU
		{AA5C33E7-4127-4757-B679-A6D31147CD8F}.Ad-Hoc|x86.Build.0 = Release|Any CPU
		{AA5C33E7-4127-4757-B679-A6D31147CD8F}.Ad-Hoc|x86.Deploy.0 = Release|Any CPU
		{AA5C33E7-4127-4757-B679-A6D31147CD8F}.AppStore|Any CPU.ActiveCfg = Release|Any CPU
		{AA5C33E7-4127-4757-B679-A6D31147CD8F}.AppStore|Any CPU.Build.0 = Release|Any CPU
		{AA5C33E7-4127-4757-B679-A6D31147CD8F}.AppStore|Any CPU.Deploy.0 = Release|Any CPU
		{AA5C33E7-4127-4757-B679-A6D31147CD8F}.AppStore|ARM.ActiveCfg = Release|Any CPU
		{AA5C33E7-4127-4757-B679-A6D31147CD8F}.AppStore|ARM.Build.0 = Release|Any CPU
		{AA5C33E7-4127-4757-B679-A6D31147CD8F}.AppStore|ARM.Deploy.0 = Release|Any CPU
		{AA5C33E7-4127-4757-B679-A6D31147CD8F}.AppStore|iPhone.ActiveCfg = Release|Any CPU
		{AA5C33E7-4127-4757-B679-A6D31147CD8F}.AppStore|iPhone.Build.0 = Release|Any CPU
		{AA5C33E7-4127-4757-B679-A6D31147CD8F}.AppStore|iPhone.Deploy.0 = Release|Any CPU
		{AA5C33E7-4127-4757-B679-A6D31147CD8F}.AppStore|iPhoneSimulator.ActiveCfg = Release|Any CPU
		{AA5C33E7-4127-4757-B679-A6D31147CD8F}.AppStore|iPhoneSimulator.Build.0 = Release|Any CPU
		{AA5C33E7-4127-4757-B679-A6D31147CD8F}.AppStore|iPhoneSimulator.Deploy.0 = Release|Any CPU
		{AA5C33E7-4127-4757-B679-A6D31147CD8F}.AppStore|x64.ActiveCfg = Release|Any CPU
		{AA5C33E7-4127-4757-B679-A6D31147CD8F}.AppStore|x64.Build.0 = Release|Any CPU
		{AA5C33E7-4127-4757-B679-A6D31147CD8F}.AppStore|x64.Deploy.0 = Release|Any CPU
		{AA5C33E7-4127-4757-B679-A6D31147CD8F}.AppStore|x86.ActiveCfg = Release|Any CPU
		{AA5C33E7-4127-4757-B679-A6D31147CD8F}.AppStore|x86.Build.0 = Release|Any CPU
		{AA5C33E7-4127-4757-B679-A6D31147CD8F}.AppStore|x86.Deploy.0 = Release|Any CPU
		{AA5C33E7-4127-4757-B679-A6D31147CD8F}.Debug|Any CPU.ActiveCfg = Debug|Any CPU
		{AA5C33E7-4127-4757-B679-A6D31147CD8F}.Debug|Any CPU.Build.0 = Debug|Any CPU
		{AA5C33E7-4127-4757-B679-A6D31147CD8F}.Debug|Any CPU.Deploy.0 = Debug|Any CPU
		{AA5C33E7-4127-4757-B679-A6D31147CD8F}.Debug|ARM.ActiveCfg = Debug|Any CPU
		{AA5C33E7-4127-4757-B679-A6D31147CD8F}.Debug|ARM.Build.0 = Debug|Any CPU
		{AA5C33E7-4127-4757-B679-A6D31147CD8F}.Debug|ARM.Deploy.0 = Debug|Any CPU
		{AA5C33E7-4127-4757-B679-A6D31147CD8F}.Debug|iPhone.ActiveCfg = Debug|Any CPU
		{AA5C33E7-4127-4757-B679-A6D31147CD8F}.Debug|iPhone.Build.0 = Debug|Any CPU
		{AA5C33E7-4127-4757-B679-A6D31147CD8F}.Debug|iPhone.Deploy.0 = Debug|Any CPU
		{AA5C33E7-4127-4757-B679-A6D31147CD8F}.Debug|iPhoneSimulator.ActiveCfg = Debug|Any CPU
		{AA5C33E7-4127-4757-B679-A6D31147CD8F}.Debug|iPhoneSimulator.Build.0 = Debug|Any CPU
		{AA5C33E7-4127-4757-B679-A6D31147CD8F}.Debug|iPhoneSimulator.Deploy.0 = Debug|Any CPU
		{AA5C33E7-4127-4757-B679-A6D31147CD8F}.Debug|x64.ActiveCfg = Debug|Any CPU
		{AA5C33E7-4127-4757-B679-A6D31147CD8F}.Debug|x64.Build.0 = Debug|Any CPU
		{AA5C33E7-4127-4757-B679-A6D31147CD8F}.Debug|x64.Deploy.0 = Debug|Any CPU
		{AA5C33E7-4127-4757-B679-A6D31147CD8F}.Debug|x86.ActiveCfg = Debug|Any CPU
		{AA5C33E7-4127-4757-B679-A6D31147CD8F}.Debug|x86.Build.0 = Debug|Any CPU
		{AA5C33E7-4127-4757-B679-A6D31147CD8F}.Debug|x86.Deploy.0 = Debug|Any CPU
		{AA5C33E7-4127-4757-B679-A6D31147CD8F}.Release|Any CPU.ActiveCfg = Release|Any CPU
		{AA5C33E7-4127-4757-B679-A6D31147CD8F}.Release|Any CPU.Build.0 = Release|Any CPU
		{AA5C33E7-4127-4757-B679-A6D31147CD8F}.Release|Any CPU.Deploy.0 = Release|Any CPU
		{AA5C33E7-4127-4757-B679-A6D31147CD8F}.Release|ARM.ActiveCfg = Release|Any CPU
		{AA5C33E7-4127-4757-B679-A6D31147CD8F}.Release|ARM.Build.0 = Release|Any CPU
		{AA5C33E7-4127-4757-B679-A6D31147CD8F}.Release|ARM.Deploy.0 = Release|Any CPU
		{AA5C33E7-4127-4757-B679-A6D31147CD8F}.Release|iPhone.ActiveCfg = Release|Any CPU
		{AA5C33E7-4127-4757-B679-A6D31147CD8F}.Release|iPhone.Build.0 = Release|Any CPU
		{AA5C33E7-4127-4757-B679-A6D31147CD8F}.Release|iPhone.Deploy.0 = Release|Any CPU
		{AA5C33E7-4127-4757-B679-A6D31147CD8F}.Release|iPhoneSimulator.ActiveCfg = Release|Any CPU
		{AA5C33E7-4127-4757-B679-A6D31147CD8F}.Release|iPhoneSimulator.Build.0 = Release|Any CPU
		{AA5C33E7-4127-4757-B679-A6D31147CD8F}.Release|iPhoneSimulator.Deploy.0 = Release|Any CPU
		{AA5C33E7-4127-4757-B679-A6D31147CD8F}.Release|x64.ActiveCfg = Release|Any CPU
		{AA5C33E7-4127-4757-B679-A6D31147CD8F}.Release|x64.Build.0 = Release|Any CPU
		{AA5C33E7-4127-4757-B679-A6D31147CD8F}.Release|x64.Deploy.0 = Release|Any CPU
		{AA5C33E7-4127-4757-B679-A6D31147CD8F}.Release|x86.ActiveCfg = Release|Any CPU
		{AA5C33E7-4127-4757-B679-A6D31147CD8F}.Release|x86.Build.0 = Release|Any CPU
		{AA5C33E7-4127-4757-B679-A6D31147CD8F}.Release|x86.Deploy.0 = Release|Any CPU
		{23472507-8F94-4DEC-906A-92409B63BFB3}.Ad-Hoc|Any CPU.ActiveCfg = Ad-Hoc|iPhone
		{23472507-8F94-4DEC-906A-92409B63BFB3}.Ad-Hoc|ARM.ActiveCfg = Ad-Hoc|iPhone
		{23472507-8F94-4DEC-906A-92409B63BFB3}.Ad-Hoc|iPhone.ActiveCfg = Ad-Hoc|iPhone
		{23472507-8F94-4DEC-906A-92409B63BFB3}.Ad-Hoc|iPhone.Build.0 = Ad-Hoc|iPhone
		{23472507-8F94-4DEC-906A-92409B63BFB3}.Ad-Hoc|iPhoneSimulator.ActiveCfg = Ad-Hoc|iPhoneSimulator
		{23472507-8F94-4DEC-906A-92409B63BFB3}.Ad-Hoc|iPhoneSimulator.Build.0 = Ad-Hoc|iPhoneSimulator
		{23472507-8F94-4DEC-906A-92409B63BFB3}.Ad-Hoc|x64.ActiveCfg = Ad-Hoc|iPhone
		{23472507-8F94-4DEC-906A-92409B63BFB3}.Ad-Hoc|x86.ActiveCfg = Ad-Hoc|iPhone
		{23472507-8F94-4DEC-906A-92409B63BFB3}.AppStore|Any CPU.ActiveCfg = AppStore|iPhone
		{23472507-8F94-4DEC-906A-92409B63BFB3}.AppStore|ARM.ActiveCfg = AppStore|iPhone
		{23472507-8F94-4DEC-906A-92409B63BFB3}.AppStore|iPhone.ActiveCfg = AppStore|iPhone
		{23472507-8F94-4DEC-906A-92409B63BFB3}.AppStore|iPhone.Build.0 = AppStore|iPhone
		{23472507-8F94-4DEC-906A-92409B63BFB3}.AppStore|iPhoneSimulator.ActiveCfg = AppStore|iPhoneSimulator
		{23472507-8F94-4DEC-906A-92409B63BFB3}.AppStore|iPhoneSimulator.Build.0 = AppStore|iPhoneSimulator
		{23472507-8F94-4DEC-906A-92409B63BFB3}.AppStore|x64.ActiveCfg = AppStore|iPhone
		{23472507-8F94-4DEC-906A-92409B63BFB3}.AppStore|x86.ActiveCfg = AppStore|iPhone
		{23472507-8F94-4DEC-906A-92409B63BFB3}.Debug|Any CPU.ActiveCfg = Debug|iPhone
		{23472507-8F94-4DEC-906A-92409B63BFB3}.Debug|ARM.ActiveCfg = Debug|iPhone
		{23472507-8F94-4DEC-906A-92409B63BFB3}.Debug|iPhone.ActiveCfg = Debug|iPhone
		{23472507-8F94-4DEC-906A-92409B63BFB3}.Debug|iPhone.Build.0 = Debug|iPhone
		{23472507-8F94-4DEC-906A-92409B63BFB3}.Debug|iPhoneSimulator.ActiveCfg = Debug|iPhoneSimulator
		{23472507-8F94-4DEC-906A-92409B63BFB3}.Debug|iPhoneSimulator.Build.0 = Debug|iPhoneSimulator
		{23472507-8F94-4DEC-906A-92409B63BFB3}.Debug|x64.ActiveCfg = Debug|iPhone
		{23472507-8F94-4DEC-906A-92409B63BFB3}.Debug|x86.ActiveCfg = Debug|iPhone
		{23472507-8F94-4DEC-906A-92409B63BFB3}.Release|Any CPU.ActiveCfg = Release|iPhone
		{23472507-8F94-4DEC-906A-92409B63BFB3}.Release|ARM.ActiveCfg = Release|iPhone
		{23472507-8F94-4DEC-906A-92409B63BFB3}.Release|iPhone.ActiveCfg = Release|iPhone
		{23472507-8F94-4DEC-906A-92409B63BFB3}.Release|iPhone.Build.0 = Release|iPhone
		{23472507-8F94-4DEC-906A-92409B63BFB3}.Release|iPhoneSimulator.ActiveCfg = Release|iPhoneSimulator
		{23472507-8F94-4DEC-906A-92409B63BFB3}.Release|iPhoneSimulator.Build.0 = Release|iPhoneSimulator
		{23472507-8F94-4DEC-906A-92409B63BFB3}.Release|x64.ActiveCfg = Release|iPhone
		{23472507-8F94-4DEC-906A-92409B63BFB3}.Release|x86.ActiveCfg = Release|iPhone
		{96DD70D4-D5CF-4F4F-B6EE-A526668CFB37}.Ad-Hoc|Any CPU.ActiveCfg = Release|x86
		{96DD70D4-D5CF-4F4F-B6EE-A526668CFB37}.Ad-Hoc|Any CPU.Build.0 = Release|x86
		{96DD70D4-D5CF-4F4F-B6EE-A526668CFB37}.Ad-Hoc|Any CPU.Deploy.0 = Release|x86
		{96DD70D4-D5CF-4F4F-B6EE-A526668CFB37}.Ad-Hoc|ARM.ActiveCfg = Release|ARM
		{96DD70D4-D5CF-4F4F-B6EE-A526668CFB37}.Ad-Hoc|ARM.Build.0 = Release|ARM
		{96DD70D4-D5CF-4F4F-B6EE-A526668CFB37}.Ad-Hoc|ARM.Deploy.0 = Release|ARM
		{96DD70D4-D5CF-4F4F-B6EE-A526668CFB37}.Ad-Hoc|iPhone.ActiveCfg = Release|x86
		{96DD70D4-D5CF-4F4F-B6EE-A526668CFB37}.Ad-Hoc|iPhone.Build.0 = Release|x86
		{96DD70D4-D5CF-4F4F-B6EE-A526668CFB37}.Ad-Hoc|iPhone.Deploy.0 = Release|x86
		{96DD70D4-D5CF-4F4F-B6EE-A526668CFB37}.Ad-Hoc|iPhoneSimulator.ActiveCfg = Release|x86
		{96DD70D4-D5CF-4F4F-B6EE-A526668CFB37}.Ad-Hoc|iPhoneSimulator.Build.0 = Release|x86
		{96DD70D4-D5CF-4F4F-B6EE-A526668CFB37}.Ad-Hoc|iPhoneSimulator.Deploy.0 = Release|x86
		{96DD70D4-D5CF-4F4F-B6EE-A526668CFB37}.Ad-Hoc|x64.ActiveCfg = Release|x64
		{96DD70D4-D5CF-4F4F-B6EE-A526668CFB37}.Ad-Hoc|x64.Build.0 = Release|x64
		{96DD70D4-D5CF-4F4F-B6EE-A526668CFB37}.Ad-Hoc|x64.Deploy.0 = Release|x64
		{96DD70D4-D5CF-4F4F-B6EE-A526668CFB37}.Ad-Hoc|x86.ActiveCfg = Release|x86
		{96DD70D4-D5CF-4F4F-B6EE-A526668CFB37}.Ad-Hoc|x86.Build.0 = Release|x86
		{96DD70D4-D5CF-4F4F-B6EE-A526668CFB37}.Ad-Hoc|x86.Deploy.0 = Release|x86
		{96DD70D4-D5CF-4F4F-B6EE-A526668CFB37}.AppStore|Any CPU.ActiveCfg = Release|x86
		{96DD70D4-D5CF-4F4F-B6EE-A526668CFB37}.AppStore|Any CPU.Build.0 = Release|x86
		{96DD70D4-D5CF-4F4F-B6EE-A526668CFB37}.AppStore|Any CPU.Deploy.0 = Release|x86
		{96DD70D4-D5CF-4F4F-B6EE-A526668CFB37}.AppStore|ARM.ActiveCfg = Release|ARM
		{96DD70D4-D5CF-4F4F-B6EE-A526668CFB37}.AppStore|ARM.Build.0 = Release|ARM
		{96DD70D4-D5CF-4F4F-B6EE-A526668CFB37}.AppStore|ARM.Deploy.0 = Release|ARM
		{96DD70D4-D5CF-4F4F-B6EE-A526668CFB37}.AppStore|iPhone.ActiveCfg = Release|x86
		{96DD70D4-D5CF-4F4F-B6EE-A526668CFB37}.AppStore|iPhone.Build.0 = Release|x86
		{96DD70D4-D5CF-4F4F-B6EE-A526668CFB37}.AppStore|iPhone.Deploy.0 = Release|x86
		{96DD70D4-D5CF-4F4F-B6EE-A526668CFB37}.AppStore|iPhoneSimulator.ActiveCfg = Release|x86
		{96DD70D4-D5CF-4F4F-B6EE-A526668CFB37}.AppStore|iPhoneSimulator.Build.0 = Release|x86
		{96DD70D4-D5CF-4F4F-B6EE-A526668CFB37}.AppStore|iPhoneSimulator.Deploy.0 = Release|x86
		{96DD70D4-D5CF-4F4F-B6EE-A526668CFB37}.AppStore|x64.ActiveCfg = Release|x64
		{96DD70D4-D5CF-4F4F-B6EE-A526668CFB37}.AppStore|x64.Build.0 = Release|x64
		{96DD70D4-D5CF-4F4F-B6EE-A526668CFB37}.AppStore|x64.Deploy.0 = Release|x64
		{96DD70D4-D5CF-4F4F-B6EE-A526668CFB37}.AppStore|x86.ActiveCfg = Release|x86
		{96DD70D4-D5CF-4F4F-B6EE-A526668CFB37}.AppStore|x86.Build.0 = Release|x86
		{96DD70D4-D5CF-4F4F-B6EE-A526668CFB37}.AppStore|x86.Deploy.0 = Release|x86
		{96DD70D4-D5CF-4F4F-B6EE-A526668CFB37}.Debug|Any CPU.ActiveCfg = Debug|x86
		{96DD70D4-D5CF-4F4F-B6EE-A526668CFB37}.Debug|ARM.ActiveCfg = Debug|ARM
		{96DD70D4-D5CF-4F4F-B6EE-A526668CFB37}.Debug|ARM.Build.0 = Debug|ARM
		{96DD70D4-D5CF-4F4F-B6EE-A526668CFB37}.Debug|ARM.Deploy.0 = Debug|ARM
		{96DD70D4-D5CF-4F4F-B6EE-A526668CFB37}.Debug|iPhone.ActiveCfg = Debug|x86
		{96DD70D4-D5CF-4F4F-B6EE-A526668CFB37}.Debug|iPhoneSimulator.ActiveCfg = Debug|x86
		{96DD70D4-D5CF-4F4F-B6EE-A526668CFB37}.Debug|x64.ActiveCfg = Debug|x64
		{96DD70D4-D5CF-4F4F-B6EE-A526668CFB37}.Debug|x64.Build.0 = Debug|x64
		{96DD70D4-D5CF-4F4F-B6EE-A526668CFB37}.Debug|x64.Deploy.0 = Debug|x64
		{96DD70D4-D5CF-4F4F-B6EE-A526668CFB37}.Debug|x86.ActiveCfg = Debug|x86
		{96DD70D4-D5CF-4F4F-B6EE-A526668CFB37}.Debug|x86.Build.0 = Debug|x86
		{96DD70D4-D5CF-4F4F-B6EE-A526668CFB37}.Debug|x86.Deploy.0 = Debug|x86
		{96DD70D4-D5CF-4F4F-B6EE-A526668CFB37}.Release|Any CPU.ActiveCfg = Release|x86
		{96DD70D4-D5CF-4F4F-B6EE-A526668CFB37}.Release|ARM.ActiveCfg = Release|ARM
		{96DD70D4-D5CF-4F4F-B6EE-A526668CFB37}.Release|ARM.Build.0 = Release|ARM
		{96DD70D4-D5CF-4F4F-B6EE-A526668CFB37}.Release|ARM.Deploy.0 = Release|ARM
		{96DD70D4-D5CF-4F4F-B6EE-A526668CFB37}.Release|iPhone.ActiveCfg = Release|x86
		{96DD70D4-D5CF-4F4F-B6EE-A526668CFB37}.Release|iPhoneSimulator.ActiveCfg = Release|x86
		{96DD70D4-D5CF-4F4F-B6EE-A526668CFB37}.Release|x64.ActiveCfg = Release|x64
		{96DD70D4-D5CF-4F4F-B6EE-A526668CFB37}.Release|x64.Build.0 = Release|x64
		{96DD70D4-D5CF-4F4F-B6EE-A526668CFB37}.Release|x64.Deploy.0 = Release|x64
		{96DD70D4-D5CF-4F4F-B6EE-A526668CFB37}.Release|x86.ActiveCfg = Release|x86
		{96DD70D4-D5CF-4F4F-B6EE-A526668CFB37}.Release|x86.Build.0 = Release|x86
		{96DD70D4-D5CF-4F4F-B6EE-A526668CFB37}.Release|x86.Deploy.0 = Release|x86
		{413EF54C-D91E-4B79-B205-DE35BCD0CFE0}.Ad-Hoc|Any CPU.ActiveCfg = Release|Any CPU
		{413EF54C-D91E-4B79-B205-DE35BCD0CFE0}.Ad-Hoc|Any CPU.Build.0 = Release|Any CPU
		{413EF54C-D91E-4B79-B205-DE35BCD0CFE0}.Ad-Hoc|ARM.ActiveCfg = Release|Any CPU
		{413EF54C-D91E-4B79-B205-DE35BCD0CFE0}.Ad-Hoc|ARM.Build.0 = Release|Any CPU
		{413EF54C-D91E-4B79-B205-DE35BCD0CFE0}.Ad-Hoc|iPhone.ActiveCfg = Release|Any CPU
		{413EF54C-D91E-4B79-B205-DE35BCD0CFE0}.Ad-Hoc|iPhone.Build.0 = Release|Any CPU
		{413EF54C-D91E-4B79-B205-DE35BCD0CFE0}.Ad-Hoc|iPhoneSimulator.ActiveCfg = Release|Any CPU
		{413EF54C-D91E-4B79-B205-DE35BCD0CFE0}.Ad-Hoc|iPhoneSimulator.Build.0 = Release|Any CPU
		{413EF54C-D91E-4B79-B205-DE35BCD0CFE0}.Ad-Hoc|x64.ActiveCfg = Release|Any CPU
		{413EF54C-D91E-4B79-B205-DE35BCD0CFE0}.Ad-Hoc|x64.Build.0 = Release|Any CPU
		{413EF54C-D91E-4B79-B205-DE35BCD0CFE0}.Ad-Hoc|x86.ActiveCfg = Release|Any CPU
		{413EF54C-D91E-4B79-B205-DE35BCD0CFE0}.Ad-Hoc|x86.Build.0 = Release|Any CPU
		{413EF54C-D91E-4B79-B205-DE35BCD0CFE0}.AppStore|Any CPU.ActiveCfg = Release|Any CPU
		{413EF54C-D91E-4B79-B205-DE35BCD0CFE0}.AppStore|Any CPU.Build.0 = Release|Any CPU
		{413EF54C-D91E-4B79-B205-DE35BCD0CFE0}.AppStore|ARM.ActiveCfg = Release|Any CPU
		{413EF54C-D91E-4B79-B205-DE35BCD0CFE0}.AppStore|ARM.Build.0 = Release|Any CPU
		{413EF54C-D91E-4B79-B205-DE35BCD0CFE0}.AppStore|iPhone.ActiveCfg = Release|Any CPU
		{413EF54C-D91E-4B79-B205-DE35BCD0CFE0}.AppStore|iPhone.Build.0 = Release|Any CPU
		{413EF54C-D91E-4B79-B205-DE35BCD0CFE0}.AppStore|iPhoneSimulator.ActiveCfg = Release|Any CPU
		{413EF54C-D91E-4B79-B205-DE35BCD0CFE0}.AppStore|iPhoneSimulator.Build.0 = Release|Any CPU
		{413EF54C-D91E-4B79-B205-DE35BCD0CFE0}.AppStore|x64.ActiveCfg = Release|Any CPU
		{413EF54C-D91E-4B79-B205-DE35BCD0CFE0}.AppStore|x64.Build.0 = Release|Any CPU
		{413EF54C-D91E-4B79-B205-DE35BCD0CFE0}.AppStore|x86.ActiveCfg = Release|Any CPU
		{413EF54C-D91E-4B79-B205-DE35BCD0CFE0}.AppStore|x86.Build.0 = Release|Any CPU
		{413EF54C-D91E-4B79-B205-DE35BCD0CFE0}.Debug|Any CPU.ActiveCfg = Debug|Any CPU
		{413EF54C-D91E-4B79-B205-DE35BCD0CFE0}.Debug|Any CPU.Build.0 = Debug|Any CPU
		{413EF54C-D91E-4B79-B205-DE35BCD0CFE0}.Debug|ARM.ActiveCfg = Debug|Any CPU
		{413EF54C-D91E-4B79-B205-DE35BCD0CFE0}.Debug|ARM.Build.0 = Debug|Any CPU
		{413EF54C-D91E-4B79-B205-DE35BCD0CFE0}.Debug|iPhone.ActiveCfg = Debug|Any CPU
		{413EF54C-D91E-4B79-B205-DE35BCD0CFE0}.Debug|iPhone.Build.0 = Debug|Any CPU
		{413EF54C-D91E-4B79-B205-DE35BCD0CFE0}.Debug|iPhoneSimulator.ActiveCfg = Debug|Any CPU
		{413EF54C-D91E-4B79-B205-DE35BCD0CFE0}.Debug|iPhoneSimulator.Build.0 = Debug|Any CPU
		{413EF54C-D91E-4B79-B205-DE35BCD0CFE0}.Debug|x64.ActiveCfg = Debug|Any CPU
		{413EF54C-D91E-4B79-B205-DE35BCD0CFE0}.Debug|x64.Build.0 = Debug|Any CPU
		{413EF54C-D91E-4B79-B205-DE35BCD0CFE0}.Debug|x86.ActiveCfg = Debug|Any CPU
		{413EF54C-D91E-4B79-B205-DE35BCD0CFE0}.Debug|x86.Build.0 = Debug|Any CPU
		{413EF54C-D91E-4B79-B205-DE35BCD0CFE0}.Release|Any CPU.ActiveCfg = Release|Any CPU
		{413EF54C-D91E-4B79-B205-DE35BCD0CFE0}.Release|Any CPU.Build.0 = Release|Any CPU
		{413EF54C-D91E-4B79-B205-DE35BCD0CFE0}.Release|ARM.ActiveCfg = Release|Any CPU
		{413EF54C-D91E-4B79-B205-DE35BCD0CFE0}.Release|ARM.Build.0 = Release|Any CPU
		{413EF54C-D91E-4B79-B205-DE35BCD0CFE0}.Release|iPhone.ActiveCfg = Release|Any CPU
		{413EF54C-D91E-4B79-B205-DE35BCD0CFE0}.Release|iPhone.Build.0 = Release|Any CPU
		{413EF54C-D91E-4B79-B205-DE35BCD0CFE0}.Release|iPhoneSimulator.ActiveCfg = Release|Any CPU
		{413EF54C-D91E-4B79-B205-DE35BCD0CFE0}.Release|iPhoneSimulator.Build.0 = Release|Any CPU
		{413EF54C-D91E-4B79-B205-DE35BCD0CFE0}.Release|x64.ActiveCfg = Release|Any CPU
		{413EF54C-D91E-4B79-B205-DE35BCD0CFE0}.Release|x64.Build.0 = Release|Any CPU
		{413EF54C-D91E-4B79-B205-DE35BCD0CFE0}.Release|x86.ActiveCfg = Release|Any CPU
		{413EF54C-D91E-4B79-B205-DE35BCD0CFE0}.Release|x86.Build.0 = Release|Any CPU
	EndGlobalSection
	GlobalSection(SolutionProperties) = preSolution
		HideSolutionNode = FALSE
	EndGlobalSection
EndGlobal
